
Microsoft Visual Studio Solution File, Format Version 12.00
# Visual Studio Version 17
VisualStudioVersion = 17.7.34202.233
MinimumVisualStudioVersion = 10.0.40219.1
Project("{FAE04EC0-301F-11D3-BF4B-00C04F79EFBC}") = "ConsoleApp4", "ConsoleApp4\ConsoleApp4.csproj", "{8EE09F86-CC1F-48FD-BCF1-D2F36C77915C}"
EndProject
Global
	GlobalSection(SolutionConfigurationPlatforms) = preSolution
		Debug|Any CPU = Debug|Any CPU
		Release|Any CPU = Release|Any CPU
	EndGlobalSection
	GlobalSection(ProjectConfigurationPlatforms) = postSolution
		{8EE09F86-CC1F-48FD-BCF1-D2F36C77915C}.Debug|Any CPU.ActiveCfg = Debug|Any CPU
		{8EE09F86-CC1F-48FD-BCF1-D2F36C77915C}.Debug|Any CPU.Build.0 = Debug|Any CPU
		{8EE09F86-CC1F-48FD-BCF1-D2F36C77915C}.Release|Any CPU.ActiveCfg = Release|Any CPU
		{8EE09F86-CC1F-48FD-BCF1-D2F36C77915C}.Release|Any CPU.Build.0 = Release|Any CPU
	EndGlobalSection
	GlobalSection(SolutionProperties) = preSolution
		HideSolutionNode = FALSE
	EndGlobalSection
	GlobalSection(ExtensibilityGlobals) = postSolution
		SolutionGuid = {F48D63B7-2BFC-4F24-B816-49CD806EEAB7}
	EndGlobalSection
EndGlobal
